
Microsoft Visual Studio Solution File, Format Version 12.00
# Visual Studio 15
VisualStudioVersion = 15.0.28307.572
MinimumVisualStudioVersion = 10.0.40219.1
Project("{FAE04EC0-301F-11D3-BF4B-00C04F79EFBC}") = "AtariBreakoutWPF", "AtariBreakoutWPF\AtariBreakoutWPF.csproj", "{B767A8F3-1BC9-48F7-B695-8AA4BDA58BC8}"
EndProject
Global
	GlobalSection(SolutionConfigurationPlatforms) = preSolution
		Debug|Any CPU = Debug|Any CPU
		Release|Any CPU = Release|Any CPU
	EndGlobalSection
	GlobalSection(ProjectConfigurationPlatforms) = postSolution
		{B767A8F3-1BC9-48F7-B695-8AA4BDA58BC8}.Debug|Any CPU.ActiveCfg = Debug|Any CPU
		{B767A8F3-1BC9-48F7-B695-8AA4BDA58BC8}.Debug|Any CPU.Build.0 = Debug|Any CPU
		{B767A8F3-1BC9-48F7-B695-8AA4BDA58BC8}.Release|Any CPU.ActiveCfg = Release|Any CPU
		{B767A8F3-1BC9-48F7-B695-8AA4BDA58BC8}.Release|Any CPU.Build.0 = Release|Any CPU
	EndGlobalSection
	GlobalSection(SolutionProperties) = preSolution
		HideSolutionNode = FALSE
	EndGlobalSection
	GlobalSection(ExtensibilityGlobals) = postSolution
		SolutionGuid = {0B7110AD-113E-4D6E-85AD-7C9CE6E605AB}
	EndGlobalSection
EndGlobal
